
Microsoft Visual Studio Solution File, Format Version 12.00
# Visual Studio 14
VisualStudioVersion = 14.0.25123.0
MinimumVisualStudioVersion = 10.0.40219.1
Project("{FAE04EC0-301F-11D3-BF4B-00C04F79EFBC}") = "HelloCI.Web", "src\app\HelloCI.Web\HelloCI.Web.csproj", "{C3D59239-EFFC-4F5E-9E53-EC9E09B11B5F}"
EndProject
Project("{FAE04EC0-301F-11D3-BF4B-00C04F79EFBC}") = "HelloCI.Core", "src\app\HelloCI.Core\HelloCI.Core.csproj", "{1A4CF3BB-8C8A-481E-B643-CF100EEC2945}"
EndProject
Project("{FAE04EC0-301F-11D3-BF4B-00C04F79EFBC}") = "HelloCI.Tests", "src\test\HelloCI.Tests\HelloCI.Tests.csproj", "{D7A45CCA-4D2C-46D5-A230-10878F908C91}"
EndProject
Project("{2150E333-8FDC-42A3-9474-1A3956D46DE8}") = "Solution Items", "Solution Items", "{81B1C35B-6C66-4782-9EC0-2F58EA264191}"
	ProjectSection(SolutionItems) = preProject
		HelloCI.Build = HelloCI.Build
	EndProjectSection
EndProject
Global
	GlobalSection(SolutionConfigurationPlatforms) = preSolution
		Debug|Any CPU = Debug|Any CPU
		Release|Any CPU = Release|Any CPU
	EndGlobalSection
	GlobalSection(ProjectConfigurationPlatforms) = postSolution
		{C3D59239-EFFC-4F5E-9E53-EC9E09B11B5F}.Debug|Any CPU.ActiveCfg = Debug|Any CPU
		{C3D59239-EFFC-4F5E-9E53-EC9E09B11B5F}.Debug|Any CPU.Build.0 = Debug|Any CPU
		{C3D59239-EFFC-4F5E-9E53-EC9E09B11B5F}.Release|Any CPU.ActiveCfg = Release|Any CPU
		{C3D59239-EFFC-4F5E-9E53-EC9E09B11B5F}.Release|Any CPU.Build.0 = Release|Any CPU
		{1A4CF3BB-8C8A-481E-B643-CF100EEC2945}.Debug|Any CPU.ActiveCfg = Debug|Any CPU
		{1A4CF3BB-8C8A-481E-B643-CF100EEC2945}.Debug|Any CPU.Build.0 = Debug|Any CPU
		{1A4CF3BB-8C8A-481E-B643-CF100EEC2945}.Release|Any CPU.ActiveCfg = Release|Any CPU
		{1A4CF3BB-8C8A-481E-B643-CF100EEC2945}.Release|Any CPU.Build.0 = Release|Any CPU
		{D7A45CCA-4D2C-46D5-A230-10878F908C91}.Debug|Any CPU.ActiveCfg = Debug|Any CPU
		{D7A45CCA-4D2C-46D5-A230-10878F908C91}.Debug|Any CPU.Build.0 = Debug|Any CPU
		{D7A45CCA-4D2C-46D5-A230-10878F908C91}.Release|Any CPU.ActiveCfg = Release|Any CPU
		{D7A45CCA-4D2C-46D5-A230-10878F908C91}.Release|Any CPU.Build.0 = Release|Any CPU
	EndGlobalSection
	GlobalSection(SolutionProperties) = preSolution
		HideSolutionNode = FALSE
	EndGlobalSection
EndGlobal
